
Microsoft Visual Studio Solution File, Format Version 12.00
# Visual Studio Version 17
VisualStudioVersion = 17.4.33213.308
MinimumVisualStudioVersion = 10.0.40219.1
Project("{FAE04EC0-301F-11D3-BF4B-00C04F79EFBC}") = "WebPostgreSQL", "WebPostgreSQL\WebPostgreSQL.csproj", "{A33BB9F7-F354-4A4C-A8AF-8E95D8EBC40E}"
EndProject
Global
	GlobalSection(SolutionConfigurationPlatforms) = preSolution
		Debug|Any CPU = Debug|Any CPU
		Release|Any CPU = Release|Any CPU
	EndGlobalSection
	GlobalSection(ProjectConfigurationPlatforms) = postSolution
		{A33BB9F7-F354-4A4C-A8AF-8E95D8EBC40E}.Debug|Any CPU.ActiveCfg = Debug|Any CPU
		{A33BB9F7-F354-4A4C-A8AF-8E95D8EBC40E}.Debug|Any CPU.Build.0 = Debug|Any CPU
		{A33BB9F7-F354-4A4C-A8AF-8E95D8EBC40E}.Release|Any CPU.ActiveCfg = Release|Any CPU
		{A33BB9F7-F354-4A4C-A8AF-8E95D8EBC40E}.Release|Any CPU.Build.0 = Release|Any CPU
	EndGlobalSection
	GlobalSection(SolutionProperties) = preSolution
		HideSolutionNode = FALSE
	EndGlobalSection
	GlobalSection(ExtensibilityGlobals) = postSolution
		SolutionGuid = {1B7A26DE-F45B-49D5-BBA7-0F88A30347FC}
	EndGlobalSection
EndGlobal
